
Microsoft Visual Studio Solution File, Format Version 12.00
# Visual Studio Version 16
VisualStudioVersion = 16.0.31424.327
MinimumVisualStudioVersion = 10.0.40219.1
Project("{FAE04EC0-301F-11D3-BF4B-00C04F79EFBC}") = "Practica2", "Practica2\Practica2.csproj", "{6B502E1A-6D2E-40CE-8982-F00078C331FB}"
EndProject
Project("{FAE04EC0-301F-11D3-BF4B-00C04F79EFBC}") = "Empleado", "Empleado\Empleado.csproj", "{A990B252-9B6D-489B-A4D6-C1799BE646C1}"
EndProject
Project("{FAE04EC0-301F-11D3-BF4B-00C04F79EFBC}") = "EmpleadoMode", "EmpleadoMode\EmpleadoMode.csproj", "{57C2136F-8148-4857-8112-7B312CE2B039}"
EndProject
Global
	GlobalSection(SolutionConfigurationPlatforms) = preSolution
		Debug|Any CPU = Debug|Any CPU
		Release|Any CPU = Release|Any CPU
	EndGlobalSection
	GlobalSection(ProjectConfigurationPlatforms) = postSolution
		{6B502E1A-6D2E-40CE-8982-F00078C331FB}.Debug|Any CPU.ActiveCfg = Debug|Any CPU
		{6B502E1A-6D2E-40CE-8982-F00078C331FB}.Debug|Any CPU.Build.0 = Debug|Any CPU
		{6B502E1A-6D2E-40CE-8982-F00078C331FB}.Release|Any CPU.ActiveCfg = Release|Any CPU
		{6B502E1A-6D2E-40CE-8982-F00078C331FB}.Release|Any CPU.Build.0 = Release|Any CPU
		{A990B252-9B6D-489B-A4D6-C1799BE646C1}.Debug|Any CPU.ActiveCfg = Debug|Any CPU
		{A990B252-9B6D-489B-A4D6-C1799BE646C1}.Debug|Any CPU.Build.0 = Debug|Any CPU
		{A990B252-9B6D-489B-A4D6-C1799BE646C1}.Release|Any CPU.ActiveCfg = Release|Any CPU
		{A990B252-9B6D-489B-A4D6-C1799BE646C1}.Release|Any CPU.Build.0 = Release|Any CPU
		{57C2136F-8148-4857-8112-7B312CE2B039}.Debug|Any CPU.ActiveCfg = Debug|Any CPU
		{57C2136F-8148-4857-8112-7B312CE2B039}.Debug|Any CPU.Build.0 = Debug|Any CPU
		{57C2136F-8148-4857-8112-7B312CE2B039}.Release|Any CPU.ActiveCfg = Release|Any CPU
		{57C2136F-8148-4857-8112-7B312CE2B039}.Release|Any CPU.Build.0 = Release|Any CPU
	EndGlobalSection
	GlobalSection(SolutionProperties) = preSolution
		HideSolutionNode = FALSE
	EndGlobalSection
	GlobalSection(ExtensibilityGlobals) = postSolution
		SolutionGuid = {404B6869-D9A2-4C1C-AF26-C288A3C8E8BC}
	EndGlobalSection
EndGlobal
